
Microsoft Visual Studio Solution File, Format Version 12.00
# Visual Studio Version 17
VisualStudioVersion = 17.8.34004.107
MinimumVisualStudioVersion = 10.0.40219.1
Project("{FAE04EC0-301F-11D3-BF4B-00C04F79EFBC}") = "Project_Job", "Project_Job\Project_Job.csproj", "{81BEED99-D222-4D5B-BAB6-0E64CA4C3B49}"
EndProject
Global
	GlobalSection(SolutionConfigurationPlatforms) = preSolution
		Debug|Any CPU = Debug|Any CPU
		Release|Any CPU = Release|Any CPU
	EndGlobalSection
	GlobalSection(ProjectConfigurationPlatforms) = postSolution
		{81BEED99-D222-4D5B-BAB6-0E64CA4C3B49}.Debug|Any CPU.ActiveCfg = Debug|Any CPU
		{81BEED99-D222-4D5B-BAB6-0E64CA4C3B49}.Debug|Any CPU.Build.0 = Debug|Any CPU
		{81BEED99-D222-4D5B-BAB6-0E64CA4C3B49}.Release|Any CPU.ActiveCfg = Release|Any CPU
		{81BEED99-D222-4D5B-BAB6-0E64CA4C3B49}.Release|Any CPU.Build.0 = Release|Any CPU
	EndGlobalSection
	GlobalSection(SolutionProperties) = preSolution
		HideSolutionNode = FALSE
	EndGlobalSection
	GlobalSection(ExtensibilityGlobals) = postSolution
		SolutionGuid = {FE531B76-9352-4221-81B2-71DDEEEC6DC1}
	EndGlobalSection
EndGlobal
